
Microsoft Visual Studio Solution File, Format Version 12.00
# Visual Studio Version 16
VisualStudioVersion = 16.0.30406.217
MinimumVisualStudioVersion = 10.0.40219.1
Project("{FAE04EC0-301F-11D3-BF4B-00C04F79EFBC}") = "EdmxToFluentApi", "EdmxToFluentApi\EdmxToFluentApi.csproj", "{D0EDFFCB-0C8C-419B-A769-3390CBA18892}"
EndProject
Global
	GlobalSection(SolutionConfigurationPlatforms) = preSolution
		Debug|Any CPU = Debug|Any CPU
		Release|Any CPU = Release|Any CPU
	EndGlobalSection
	GlobalSection(ProjectConfigurationPlatforms) = postSolution
		{D0EDFFCB-0C8C-419B-A769-3390CBA18892}.Debug|Any CPU.ActiveCfg = Debug|Any CPU
		{D0EDFFCB-0C8C-419B-A769-3390CBA18892}.Debug|Any CPU.Build.0 = Debug|Any CPU
		{D0EDFFCB-0C8C-419B-A769-3390CBA18892}.Release|Any CPU.ActiveCfg = Release|Any CPU
		{D0EDFFCB-0C8C-419B-A769-3390CBA18892}.Release|Any CPU.Build.0 = Release|Any CPU
	EndGlobalSection
	GlobalSection(SolutionProperties) = preSolution
		HideSolutionNode = FALSE
	EndGlobalSection
	GlobalSection(ExtensibilityGlobals) = postSolution
		SolutionGuid = {F2E240DE-1ECE-4004-BD9E-304896FD32C6}
	EndGlobalSection
EndGlobal
